// !$*UTF8*$!
{
	archiveVersion = 1;
	classes = {
	};
	objectVersion = 51;
	objects = {

/* Begin PBXBuildFile section */
		0FBD94D01A0429779AB91705 /* Pods_WeChatMomentsTests.framework in Frameworks */ = {isa = PBXBuildFile; fileRef = 4AC1DD2B80E436C4E51EB329 /* Pods_WeChatMomentsTests.framework */; };
		6B7060AE25E10B0800ABD1C7 /* HttpService.swift in Sources */ = {isa = PBXBuildFile; fileRef = 6B7060AD25E10B0800ABD1C7 /* HttpService.swift */; };
		6B70610625E1109F00ABD1C7 /* UrlConstant.swift in Sources */ = {isa = PBXBuildFile; fileRef = 6B70610525E1109F00ABD1C7 /* UrlConstant.swift */; };
		6B70612225E1168F00ABD1C7 /* UserService.swift in Sources */ = {isa = PBXBuildFile; fileRef = 6B70612125E1168F00ABD1C7 /* UserService.swift */; };
		6BB4206025E08F2900FDEFAB /* AppDelegate.swift in Sources */ = {isa = PBXBuildFile; fileRef = 6BB4205F25E08F2900FDEFAB /* AppDelegate.swift */; };
		6BB4206425E08F2900FDEFAB /* MomentViewController.swift in Sources */ = {isa = PBXBuildFile; fileRef = 6BB4206325E08F2900FDEFAB /* MomentViewController.swift */; };
		6BB4206925E08F2A00FDEFAB /* Assets.xcassets in Resources */ = {isa = PBXBuildFile; fileRef = 6BB4206825E08F2A00FDEFAB /* Assets.xcassets */; };
		6BB4206C25E08F2A00FDEFAB /* LaunchScreen.storyboard in Resources */ = {isa = PBXBuildFile; fileRef = 6BB4206A25E08F2A00FDEFAB /* LaunchScreen.storyboard */; };
		6BB4207725E08F2A00FDEFAB /* WeChatMomentsTests.swift in Sources */ = {isa = PBXBuildFile; fileRef = 6BB4207625E08F2A00FDEFAB /* WeChatMomentsTests.swift */; };
		6BB4208225E08F2A00FDEFAB /* WeChatMomentsUITests.swift in Sources */ = {isa = PBXBuildFile; fileRef = 6BB4208125E08F2A00FDEFAB /* WeChatMomentsUITests.swift */; };
		6BB6D9B025E290F300E27477 /* TweetView.swift in Sources */ = {isa = PBXBuildFile; fileRef = 6BB6D9AF25E290F300E27477 /* TweetView.swift */; };
		6BB6D9B525E298B700E27477 /* TweetTableViewDelegate.swift in Sources */ = {isa = PBXBuildFile; fileRef = 6BB6D9B425E298B700E27477 /* TweetTableViewDelegate.swift */; };
		6BB6D9BA25E299D000E27477 /* String.swift in Sources */ = {isa = PBXBuildFile; fileRef = 6BB6D9B925E299D000E27477 /* String.swift */; };
		6BB6D9BF25E29A6600E27477 /* FootView.swift in Sources */ = {isa = PBXBuildFile; fileRef = 6BB6D9BE25E29A6600E27477 /* FootView.swift */; };
		6BC9F96925E127080037177C /* TweetService.swift in Sources */ = {isa = PBXBuildFile; fileRef = 6BC9F96825E127080037177C /* TweetService.swift */; };
		6BC9F96E25E12AB10037177C /* Constants.swift in Sources */ = {isa = PBXBuildFile; fileRef = 6BC9F96D25E12AB10037177C /* Constants.swift */; };
		6BFBA23E25E1FF0500C17D16 /* TestDataConfig.swift in Sources */ = {isa = PBXBuildFile; fileRef = 6BFBA23D25E1FF0500C17D16 /* TestDataConfig.swift */; };
		6BFBA24A25E1FF7300C17D16 /* HttpServiceMock.swift in Sources */ = {isa = PBXBuildFile; fileRef = 6BFBA24925E1FF7300C17D16 /* HttpServiceMock.swift */; };
		6BFBA29825E2098D00C17D16 /* HttpServiceTests.swift in Sources */ = {isa = PBXBuildFile; fileRef = 6BFBA29725E2098D00C17D16 /* HttpServiceTests.swift */; };
		6BFBA2D125E237C900C17D16 /* UserServiceTests.swift in Sources */ = {isa = PBXBuildFile; fileRef = 6BFBA2D025E237C900C17D16 /* UserServiceTests.swift */; };
		6BFBA2EA25E2448D00C17D16 /* TweetServiceTests.swift in Sources */ = {isa = PBXBuildFile; fileRef = 6BFBA2E925E2448D00C17D16 /* TweetServiceTests.swift */; };
		6BFBA2FF25E24DC700C17D16 /* TweetsDataSource.swift in Sources */ = {isa = PBXBuildFile; fileRef = 6BFBA2FE25E24DC700C17D16 /* TweetsDataSource.swift */; };
		6BFBA30425E2507800C17D16 /* CommentCell.swift in Sources */ = {isa = PBXBuildFile; fileRef = 6BFBA30325E2507800C17D16 /* CommentCell.swift */; };
		6BFBA30925E257BA00C17D16 /* UIColor.swift in Sources */ = {isa = PBXBuildFile; fileRef = 6BFBA30825E257BA00C17D16 /* UIColor.swift */; };
		6BFBA30E25E25A1900C17D16 /* UIImage.swift in Sources */ = {isa = PBXBuildFile; fileRef = 6BFBA30D25E25A1900C17D16 /* UIImage.swift */; };
		6BFBA31425E25ABE00C17D16 /* ImageHelper.swift in Sources */ = {isa = PBXBuildFile; fileRef = 6BFBA31325E25ABE00C17D16 /* ImageHelper.swift */; };
		FB3AD7508DE29F3B55D6A974 /* Pods_WeChatMoments.framework in Frameworks */ = {isa = PBXBuildFile; fileRef = B92A272A17103E9693D82252 /* Pods_WeChatMoments.framework */; };
/* End PBXBuildFile section */

/* Begin PBXContainerItemProxy section */
		6BB4207325E08F2A00FDEFAB /* PBXContainerItemProxy */ = {
			isa = PBXContainerItemProxy;
			containerPortal = 6BB4205425E08F2900FDEFAB /* Project object */;
			proxyType = 1;
			remoteGlobalIDString = 6BB4205B25E08F2900FDEFAB;
			remoteInfo = WeChatMoments;
		};
		6BB4207E25E08F2A00FDEFAB /* PBXContainerItemProxy */ = {
			isa = PBXContainerItemProxy;
			containerPortal = 6BB4205425E08F2900FDEFAB /* Project object */;
			proxyType = 1;
			remoteGlobalIDString = 6BB4205B25E08F2900FDEFAB;
			remoteInfo = WeChatMoments;
		};
/* End PBXContainerItemProxy section */

/* Begin PBXFileReference section */
		16137A897A5D833F9E89F196 /* Pods-WeChatMoments.debug.xcconfig */ = {isa = PBXFileReference; includeInIndex = 1; lastKnownFileType = text.xcconfig; name = "Pods-WeChatMoments.debug.xcconfig"; path = "Target Support Files/Pods-WeChatMoments/Pods-WeChatMoments.debug.xcconfig"; sourceTree = "<group>"; };
		4AC1DD2B80E436C4E51EB329 /* Pods_WeChatMomentsTests.framework */ = {isa = PBXFileReference; explicitFileType = wrapper.framework; includeInIndex = 0; path = Pods_WeChatMomentsTests.framework; sourceTree = BUILT_PRODUCTS_DIR; };
		5465914D16D0DAB9C3B32AD3 /* Pods-WeChatMoments.release.xcconfig */ = {isa = PBXFileReference; includeInIndex = 1; lastKnownFileType = text.xcconfig; name = "Pods-WeChatMoments.release.xcconfig"; path = "Target Support Files/Pods-WeChatMoments/Pods-WeChatMoments.release.xcconfig"; sourceTree = "<group>"; };
		6B7060AD25E10B0800ABD1C7 /* HttpService.swift */ = {isa = PBXFileReference; lastKnownFileType = sourcecode.swift; path = HttpService.swift; sourceTree = "<group>"; };
		6B70610525E1109F00ABD1C7 /* UrlConstant.swift */ = {isa = PBXFileReference; lastKnownFileType = sourcecode.swift; path = UrlConstant.swift; sourceTree = "<group>"; };
		6B70612125E1168F00ABD1C7 /* UserService.swift */ = {isa = PBXFileReference; lastKnownFileType = sourcecode.swift; path = UserService.swift; sourceTree = "<group>"; };
		6BB4205C25E08F2900FDEFAB /* WeChatMoments.app */ = {isa = PBXFileReference; explicitFileType = wrapper.application; includeInIndex = 0; path = WeChatMoments.app; sourceTree = BUILT_PRODUCTS_DIR; };
		6BB4205F25E08F2900FDEFAB /* AppDelegate.swift */ = {isa = PBXFileReference; lastKnownFileType = sourcecode.swift; path = AppDelegate.swift; sourceTree = "<group>"; };
		6BB4206325E08F2900FDEFAB /* MomentViewController.swift */ = {isa = PBXFileReference; lastKnownFileType = sourcecode.swift; path = MomentViewController.swift; sourceTree = "<group>"; };
		6BB4206825E08F2A00FDEFAB /* Assets.xcassets */ = {isa = PBXFileReference; lastKnownFileType = folder.assetcatalog; path = Assets.xcassets; sourceTree = "<group>"; };
		6BB4206B25E08F2A00FDEFAB /* Base */ = {isa = PBXFileReference; lastKnownFileType = file.storyboard; name = Base; path = Base.lproj/LaunchScreen.storyboard; sourceTree = "<group>"; };
		6BB4206D25E08F2A00FDEFAB /* Info.plist */ = {isa = PBXFileReference; lastKnownFileType = text.plist.xml; path = Info.plist; sourceTree = "<group>"; };
		6BB4207225E08F2A00FDEFAB /* WeChatMomentsTests.xctest */ = {isa = PBXFileReference; explicitFileType = wrapper.cfbundle; includeInIndex = 0; path = WeChatMomentsTests.xctest; sourceTree = BUILT_PRODUCTS_DIR; };
		6BB4207625E08F2A00FDEFAB /* WeChatMomentsTests.swift */ = {isa = PBXFileReference; lastKnownFileType = sourcecode.swift; path = WeChatMomentsTests.swift; sourceTree = "<group>"; };
		6BB4207825E08F2A00FDEFAB /* Info.plist */ = {isa = PBXFileReference; lastKnownFileType = text.plist.xml; path = Info.plist; sourceTree = "<group>"; };
		6BB4207D25E08F2A00FDEFAB /* WeChatMomentsUITests.xctest */ = {isa = PBXFileReference; explicitFileType = wrapper.cfbundle; includeInIndex = 0; path = WeChatMomentsUITests.xctest; sourceTree = BUILT_PRODUCTS_DIR; };
		6BB4208125E08F2A00FDEFAB /* WeChatMomentsUITests.swift */ = {isa = PBXFileReference; lastKnownFileType = sourcecode.swift; path = WeChatMomentsUITests.swift; sourceTree = "<group>"; };
		6BB4208325E08F2A00FDEFAB /* Info.plist */ = {isa = PBXFileReference; lastKnownFileType = text.plist.xml; path = Info.plist; sourceTree = "<group>"; };
		6BB6D9AF25E290F300E27477 /* TweetView.swift */ = {isa = PBXFileReference; lastKnownFileType = sourcecode.swift; path = TweetView.swift; sourceTree = "<group>"; };
		6BB6D9B425E298B700E27477 /* TweetTableViewDelegate.swift */ = {isa = PBXFileReference; lastKnownFileType = sourcecode.swift; path = TweetTableViewDelegate.swift; sourceTree = "<group>"; };
		6BB6D9B925E299D000E27477 /* String.swift */ = {isa = PBXFileReference; lastKnownFileType = sourcecode.swift; path = String.swift; sourceTree = "<group>"; };
		6BB6D9BE25E29A6600E27477 /* FootView.swift */ = {isa = PBXFileReference; lastKnownFileType = sourcecode.swift; path = FootView.swift; sourceTree = "<group>"; };
		6BC9F96825E127080037177C /* TweetService.swift */ = {isa = PBXFileReference; lastKnownFileType = sourcecode.swift; path = TweetService.swift; sourceTree = "<group>"; };
		6BC9F96D25E12AB10037177C /* Constants.swift */ = {isa = PBXFileReference; lastKnownFileType = sourcecode.swift; path = Constants.swift; sourceTree = "<group>"; };
		6BFBA23D25E1FF0500C17D16 /* TestDataConfig.swift */ = {isa = PBXFileReference; lastKnownFileType = sourcecode.swift; path = TestDataConfig.swift; sourceTree = "<group>"; };
		6BFBA24925E1FF7300C17D16 /* HttpServiceMock.swift */ = {isa = PBXFileReference; lastKnownFileType = sourcecode.swift; path = HttpServiceMock.swift; sourceTree = "<group>"; };
		6BFBA29725E2098D00C17D16 /* HttpServiceTests.swift */ = {isa = PBXFileReference; lastKnownFileType = sourcecode.swift; path = HttpServiceTests.swift; sourceTree = "<group>"; };
		6BFBA2D025E237C900C17D16 /* UserServiceTests.swift */ = {isa = PBXFileReference; lastKnownFileType = sourcecode.swift; path = UserServiceTests.swift; sourceTree = "<group>"; };
		6BFBA2E925E2448D00C17D16 /* TweetServiceTests.swift */ = {isa = PBXFileReference; lastKnownFileType = sourcecode.swift; path = TweetServiceTests.swift; sourceTree = "<group>"; };
		6BFBA2FE25E24DC700C17D16 /* TweetsDataSource.swift */ = {isa = PBXFileReference; lastKnownFileType = sourcecode.swift; path = TweetsDataSource.swift; sourceTree = "<group>"; };
		6BFBA30325E2507800C17D16 /* CommentCell.swift */ = {isa = PBXFileReference; lastKnownFileType = sourcecode.swift; path = CommentCell.swift; sourceTree = "<group>"; };
		6BFBA30825E257BA00C17D16 /* UIColor.swift */ = {isa = PBXFileReference; lastKnownFileType = sourcecode.swift; path = UIColor.swift; sourceTree = "<group>"; };
		6BFBA30D25E25A1900C17D16 /* UIImage.swift */ = {isa = PBXFileReference; lastKnownFileType = sourcecode.swift; path = UIImage.swift; sourceTree = "<group>"; };
		6BFBA31325E25ABE00C17D16 /* ImageHelper.swift */ = {isa = PBXFileReference; lastKnownFileType = sourcecode.swift; path = ImageHelper.swift; sourceTree = "<group>"; };
		7459CFB1C82CDDF106AEB8A4 /* Pods-WeChatMomentsTests.debug.xcconfig */ = {isa = PBXFileReference; includeInIndex = 1; lastKnownFileType = text.xcconfig; name = "Pods-WeChatMomentsTests.debug.xcconfig"; path = "Target Support Files/Pods-WeChatMomentsTests/Pods-WeChatMomentsTests.debug.xcconfig"; sourceTree = "<group>"; };
		A9E77C01A45BC9422F532A4C /* Pods-WeChatMomentsTests.release.xcconfig */ = {isa = PBXFileReference; includeInIndex = 1; lastKnownFileType = text.xcconfig; name = "Pods-WeChatMomentsTests.release.xcconfig"; path = "Target Support Files/Pods-WeChatMomentsTests/Pods-WeChatMomentsTests.release.xcconfig"; sourceTree = "<group>"; };
		B92A272A17103E9693D82252 /* Pods_WeChatMoments.framework */ = {isa = PBXFileReference; explicitFileType = wrapper.framework; includeInIndex = 0; path = Pods_WeChatMoments.framework; sourceTree = BUILT_PRODUCTS_DIR; };
/* End PBXFileReference section */

/* Begin PBXFrameworksBuildPhase section */
		6BB4205925E08F2900FDEFAB /* Frameworks */ = {
			isa = PBXFrameworksBuildPhase;
			buildActionMask = 2147483647;
			files = (
				FB3AD7508DE29F3B55D6A974 /* Pods_WeChatMoments.framework in Frameworks */,
			);
			runOnlyForDeploymentPostprocessing = 0;
		};
		6BB4206F25E08F2A00FDEFAB /* Frameworks */ = {
			isa = PBXFrameworksBuildPhase;
			buildActionMask = 2147483647;
			files = (
				0FBD94D01A0429779AB91705 /* Pods_WeChatMomentsTests.framework in Frameworks */,
			);
			runOnlyForDeploymentPostprocessing = 0;
		};
		6BB4207A25E08F2A00FDEFAB /* Frameworks */ = {
			isa = PBXFrameworksBuildPhase;
			buildActionMask = 2147483647;
			files = (
			);
			runOnlyForDeploymentPostprocessing = 0;
		};
/* End PBXFrameworksBuildPhase section */

/* Begin PBXGroup section */
		6B70609E25E0C6FE00ABD1C7 /* Delegate */ = {
			isa = PBXGroup;
			children = (
				6BFBA2FE25E24DC700C17D16 /* TweetsDataSource.swift */,
				6BB6D9B425E298B700E27477 /* TweetTableViewDelegate.swift */,
			);
			path = Delegate;
			sourceTree = "<group>";
		};
		6B70609F25E0C70B00ABD1C7 /* Component */ = {
			isa = PBXGroup;
			children = (
				6BFBA30325E2507800C17D16 /* CommentCell.swift */,
				6BB6D9AF25E290F300E27477 /* TweetView.swift */,
				6BB6D9BE25E29A6600E27477 /* FootView.swift */,
			);
			path = Component;
			sourceTree = "<group>";
		};
		6B7060A025E0C71A00ABD1C7 /* Service */ = {
			isa = PBXGroup;
			children = (
				6B7060AD25E10B0800ABD1C7 /* HttpService.swift */,
				6B70612125E1168F00ABD1C7 /* UserService.swift */,
				6BC9F96825E127080037177C /* TweetService.swift */,
			);
			path = Service;
			sourceTree = "<group>";
		};
		6B7060A225E0C73500ABD1C7 /* ViewController */ = {
			isa = PBXGroup;
			children = (
				6BB4206325E08F2900FDEFAB /* MomentViewController.swift */,
			);
			path = ViewController;
			sourceTree = "<group>";
		};
		6B7060A325E0C74B00ABD1C7 /* Extension */ = {
			isa = PBXGroup;
			children = (
				6BFBA30825E257BA00C17D16 /* UIColor.swift */,
				6BFBA30D25E25A1900C17D16 /* UIImage.swift */,
				6BB6D9B925E299D000E27477 /* String.swift */,
			);
			path = Extension;
			sourceTree = "<group>";
		};
		6B70610425E1109400ABD1C7 /* Config */ = {
			isa = PBXGroup;
			children = (
				6B70610525E1109F00ABD1C7 /* UrlConstant.swift */,
				6BC9F96D25E12AB10037177C /* Constants.swift */,
			);
			path = Config;
			sourceTree = "<group>";
		};
		6BB4205325E08F2900FDEFAB = {
			isa = PBXGroup;
			children = (
				6BB4205E25E08F2900FDEFAB /* WeChatMoments */,
				6BB4207525E08F2A00FDEFAB /* WeChatMomentsTests */,
				6BB4208025E08F2A00FDEFAB /* WeChatMomentsUITests */,
				6BB4205D25E08F2900FDEFAB /* Products */,
				8F93F37E4BFF560A5696F6B6 /* Pods */,
				B6412BFCC172B07CE109C33C /* Frameworks */,
			);
			sourceTree = "<group>";
		};
		6BB4205D25E08F2900FDEFAB /* Products */ = {
			isa = PBXGroup;
			children = (
				6BB4205C25E08F2900FDEFAB /* WeChatMoments.app */,
				6BB4207225E08F2A00FDEFAB /* WeChatMomentsTests.xctest */,
				6BB4207D25E08F2A00FDEFAB /* WeChatMomentsUITests.xctest */,
			);
			name = Products;
			sourceTree = "<group>";
		};
		6BB4205E25E08F2900FDEFAB /* WeChatMoments */ = {
			isa = PBXGroup;
			children = (
				6BFBA31225E25AB000C17D16 /* Utils */,
				6B70610425E1109400ABD1C7 /* Config */,
				6B70609F25E0C70B00ABD1C7 /* Component */,
				6B70609E25E0C6FE00ABD1C7 /* Delegate */,
				6B7060A325E0C74B00ABD1C7 /* Extension */,
				6B7060A025E0C71A00ABD1C7 /* Service */,
				6B7060A225E0C73500ABD1C7 /* ViewController */,
				6BB4205F25E08F2900FDEFAB /* AppDelegate.swift */,
				6BB4206825E08F2A00FDEFAB /* Assets.xcassets */,
				6BB4206A25E08F2A00FDEFAB /* LaunchScreen.storyboard */,
				6BB4206D25E08F2A00FDEFAB /* Info.plist */,
			);
			path = WeChatMoments;
			sourceTree = "<group>";
		};
		6BB4207525E08F2A00FDEFAB /* WeChatMomentsTests */ = {
			isa = PBXGroup;
			children = (
				6BFBA29625E2098000C17D16 /* Service */,
				6BFBA24825E1FF5C00C17D16 /* Mock */,
				6BFBA23C25E1FEF500C17D16 /* Config */,
				6BB4207625E08F2A00FDEFAB /* WeChatMomentsTests.swift */,
				6BB4207825E08F2A00FDEFAB /* Info.plist */,
			);
			path = WeChatMomentsTests;
			sourceTree = "<group>";
		};
		6BB4208025E08F2A00FDEFAB /* WeChatMomentsUITests */ = {
			isa = PBXGroup;
			children = (
				6BB4208125E08F2A00FDEFAB /* WeChatMomentsUITests.swift */,
				6BB4208325E08F2A00FDEFAB /* Info.plist */,
			);
			path = WeChatMomentsUITests;
			sourceTree = "<group>";
		};
		6BFBA23C25E1FEF500C17D16 /* Config */ = {
			isa = PBXGroup;
			children = (
				6BFBA23D25E1FF0500C17D16 /* TestDataConfig.swift */,
			);
			path = Config;
			sourceTree = "<group>";
		};
		6BFBA24825E1FF5C00C17D16 /* Mock */ = {
			isa = PBXGroup;
			children = (
				6BFBA24925E1FF7300C17D16 /* HttpServiceMock.swift */,
			);
			path = Mock;
			sourceTree = "<group>";
		};
		6BFBA29625E2098000C17D16 /* Service */ = {
			isa = PBXGroup;
			children = (
				6BFBA29725E2098D00C17D16 /* HttpServiceTests.swift */,
				6BFBA2D025E237C900C17D16 /* UserServiceTests.swift */,
				6BFBA2E925E2448D00C17D16 /* TweetServiceTests.swift */,
			);
			path = Service;
			sourceTree = "<group>";
		};
		6BFBA31225E25AB000C17D16 /* Utils */ = {
			isa = PBXGroup;
			children = (
				6BFBA31325E25ABE00C17D16 /* ImageHelper.swift */,
			);
			path = Utils;
			sourceTree = "<group>";
		};
		8F93F37E4BFF560A5696F6B6 /* Pods */ = {
			isa = PBXGroup;
			children = (
				16137A897A5D833F9E89F196 /* Pods-WeChatMoments.debug.xcconfig */,
				5465914D16D0DAB9C3B32AD3 /* Pods-WeChatMoments.release.xcconfig */,
				7459CFB1C82CDDF106AEB8A4 /* Pods-WeChatMomentsTests.debug.xcconfig */,
				A9E77C01A45BC9422F532A4C /* Pods-WeChatMomentsTests.release.xcconfig */,
			);
			path = Pods;
			sourceTree = "<group>";
		};
		B6412BFCC172B07CE109C33C /* Frameworks */ = {
			isa = PBXGroup;
			children = (
				B92A272A17103E9693D82252 /* Pods_WeChatMoments.framework */,
				4AC1DD2B80E436C4E51EB329 /* Pods_WeChatMomentsTests.framework */,
			);
			name = Frameworks;
			sourceTree = "<group>";
		};
/* End PBXGroup section */

/* Begin PBXNativeTarget section */
		6BB4205B25E08F2900FDEFAB /* WeChatMoments */ = {
			isa = PBXNativeTarget;
			buildConfigurationList = 6BB4208625E08F2A00FDEFAB /* Build configuration list for PBXNativeTarget "WeChatMoments" */;
			buildPhases = (
				3FD50A5C2D678B5BD76507F6 /* [CP] Check Pods Manifest.lock */,
				6BB4205825E08F2900FDEFAB /* Sources */,
				6BB4205925E08F2900FDEFAB /* Frameworks */,
				6BB4205A25E08F2900FDEFAB /* Resources */,
				35A01F3C5FAF63FABC60126B /* [CP] Embed Pods Frameworks */,
			);
			buildRules = (
			);
			dependencies = (
			);
			name = WeChatMoments;
			productName = WeChatMoments;
			productReference = 6BB4205C25E08F2900FDEFAB /* WeChatMoments.app */;
			productType = "com.apple.product-type.application";
		};
		6BB4207125E08F2A00FDEFAB /* WeChatMomentsTests */ = {
			isa = PBXNativeTarget;
			buildConfigurationList = 6BB4208925E08F2A00FDEFAB /* Build configuration list for PBXNativeTarget "WeChatMomentsTests" */;
			buildPhases = (
				68D444037B4F5EC6012EA9A2 /* [CP] Check Pods Manifest.lock */,
				6BB4206E25E08F2A00FDEFAB /* Sources */,
				6BB4206F25E08F2A00FDEFAB /* Frameworks */,
				6BB4207025E08F2A00FDEFAB /* Resources */,
				A342A52B9AFB617CE9B736BC /* [CP] Embed Pods Frameworks */,
			);
			buildRules = (
			);
			dependencies = (
				6BB4207425E08F2A00FDEFAB /* PBXTargetDependency */,
			);
			name = WeChatMomentsTests;
			productName = WeChatMomentsTests;
			productReference = 6BB4207225E08F2A00FDEFAB /* WeChatMomentsTests.xctest */;
			productType = "com.apple.product-type.bundle.unit-test";
		};
		6BB4207C25E08F2A00FDEFAB /* WeChatMomentsUITests */ = {
			isa = PBXNativeTarget;
			buildConfigurationList = 6BB4208C25E08F2A00FDEFAB /* Build configuration list for PBXNativeTarget "WeChatMomentsUITests" */;
			buildPhases = (
				6BB4207925E08F2A00FDEFAB /* Sources */,
				6BB4207A25E08F2A00FDEFAB /* Frameworks */,
				6BB4207B25E08F2A00FDEFAB /* Resources */,
			);
			buildRules = (
			);
			dependencies = (
				6BB4207F25E08F2A00FDEFAB /* PBXTargetDependency */,
			);
			name = WeChatMomentsUITests;
			productName = WeChatMomentsUITests;
			productReference = 6BB4207D25E08F2A00FDEFAB /* WeChatMomentsUITests.xctest */;
			productType = "com.apple.product-type.bundle.ui-testing";
		};
/* End PBXNativeTarget section */

/* Begin PBXProject section */
		6BB4205425E08F2900FDEFAB /* Project object */ = {
			isa = PBXProject;
			attributes = {
				LastSwiftUpdateCheck = 1240;
				LastUpgradeCheck = 1240;
				TargetAttributes = {
					6BB4205B25E08F2900FDEFAB = {
						CreatedOnToolsVersion = 12.4;
					};
					6BB4207125E08F2A00FDEFAB = {
						CreatedOnToolsVersion = 12.4;
						TestTargetID = 6BB4205B25E08F2900FDEFAB;
					};
					6BB4207C25E08F2A00FDEFAB = {
						CreatedOnToolsVersion = 12.4;
						TestTargetID = 6BB4205B25E08F2900FDEFAB;
					};
				};
			};
			buildConfigurationList = 6BB4205725E08F2900FDEFAB /* Build configuration list for PBXProject "WeChatMoments" */;
			compatibilityVersion = "Xcode 9.3";
			developmentRegion = en;
			hasScannedForEncodings = 0;
			knownRegions = (
				en,
				Base,
			);
			mainGroup = 6BB4205325E08F2900FDEFAB;
			productRefGroup = 6BB4205D25E08F2900FDEFAB /* Products */;
			projectDirPath = "";
			projectRoot = "";
			targets = (
				6BB4205B25E08F2900FDEFAB /* WeChatMoments */,
				6BB4207125E08F2A00FDEFAB /* WeChatMomentsTests */,
				6BB4207C25E08F2A00FDEFAB /* WeChatMomentsUITests */,
			);
		};
/* End PBXProject section */

/* Begin PBXResourcesBuildPhase section */
		6BB4205A25E08F2900FDEFAB /* Resources */ = {
			isa = PBXResourcesBuildPhase;
			buildActionMask = 2147483647;
			files = (
				6BB4206C25E08F2A00FDEFAB /* LaunchScreen.storyboard in Resources */,
				6BB4206925E08F2A00FDEFAB /* Assets.xcassets in Resources */,
			);
			runOnlyForDeploymentPostprocessing = 0;
		};
		6BB4207025E08F2A00FDEFAB /* Resources */ = {
			isa = PBXResourcesBuildPhase;
			buildActionMask = 2147483647;
			files = (
			);
			runOnlyForDeploymentPostprocessing = 0;
		};
		6BB4207B25E08F2A00FDEFAB /* Resources */ = {
			isa = PBXResourcesBuildPhase;
			buildActionMask = 2147483647;
			files = (
			);
			runOnlyForDeploymentPostprocessing = 0;
		};
/* End PBXResourcesBuildPhase section */

/* Begin PBXShellScriptBuildPhase section */
		35A01F3C5FAF63FABC60126B /* [CP] Embed Pods Frameworks */ = {
			isa = PBXShellScriptBuildPhase;
			buildActionMask = 2147483647;
			files = (
			);
			inputFileListPaths = (
				"${PODS_ROOT}/Target Support Files/Pods-WeChatMoments/Pods-WeChatMoments-frameworks-${CONFIGURATION}-input-files.xcfilelist",
			);
			name = "[CP] Embed Pods Frameworks";
			outputFileListPaths = (
				"${PODS_ROOT}/Target Support Files/Pods-WeChatMoments/Pods-WeChatMoments-frameworks-${CONFIGURATION}-output-files.xcfilelist",
			);
			runOnlyForDeploymentPostprocessing = 0;
			shellPath = /bin/sh;
			shellScript = "\"${PODS_ROOT}/Target Support Files/Pods-WeChatMoments/Pods-WeChatMoments-frameworks.sh\"\n";
			showEnvVarsInLog = 0;
		};
		3FD50A5C2D678B5BD76507F6 /* [CP] Check Pods Manifest.lock */ = {
			isa = PBXShellScriptBuildPhase;
			buildActionMask = 2147483647;
			files = (
			);
			inputFileListPaths = (
			);
			inputPaths = (
				"${PODS_PODFILE_DIR_PATH}/Podfile.lock",
				"${PODS_ROOT}/Manifest.lock",
			);
			name = "[CP] Check Pods Manifest.lock";
			outputFileListPaths = (
			);
			outputPaths = (
				"$(DERIVED_FILE_DIR)/Pods-WeChatMoments-checkManifestLockResult.txt",
			);
			runOnlyForDeploymentPostprocessing = 0;
			shellPath = /bin/sh;
			shellScript = "diff \"${PODS_PODFILE_DIR_PATH}/Podfile.lock\" \"${PODS_ROOT}/Manifest.lock\" > /dev/null\nif [ $? != 0 ] ; then\n    # print error to STDERR\n    echo \"error: The sandbox is not in sync with the Podfile.lock. Run 'pod install' or update your CocoaPods installation.\" >&2\n    exit 1\nfi\n# This output is used by Xcode 'outputs' to avoid re-running this script phase.\necho \"SUCCESS\" > \"${SCRIPT_OUTPUT_FILE_0}\"\n";
			showEnvVarsInLog = 0;
		};
		68D444037B4F5EC6012EA9A2 /* [CP] Check Pods Manifest.lock */ = {
			isa = PBXShellScriptBuildPhase;
			buildActionMask = 2147483647;
			files = (
			);
			inputFileListPaths = (
			);
			inputPaths = (
				"${PODS_PODFILE_DIR_PATH}/Podfile.lock",
				"${PODS_ROOT}/Manifest.lock",
			);
			name = "[CP] Check Pods Manifest.lock";
			outputFileListPaths = (
			);
			outputPaths = (
				"$(DERIVED_FILE_DIR)/Pods-WeChatMomentsTests-checkManifestLockResult.txt",
			);
			runOnlyForDeploymentPostprocessing = 0;
			shellPath = /bin/sh;
			shellScript = "diff \"${PODS_PODFILE_DIR_PATH}/Podfile.lock\" \"${PODS_ROOT}/Manifest.lock\" > /dev/null\nif [ $? != 0 ] ; then\n    # print error to STDERR\n    echo \"error: The sandbox is not in sync with the Podfile.lock. Run 'pod install' or update your CocoaPods installation.\" >&2\n    exit 1\nfi\n# This output is used by Xcode 'outputs' to avoid re-running this script phase.\necho \"SUCCESS\" > \"${SCRIPT_OUTPUT_FILE_0}\"\n";
			showEnvVarsInLog = 0;
		};
		A342A52B9AFB617CE9B736BC /* [CP] Embed Pods Frameworks */ = {
			isa = PBXShellScriptBuildPhase;
			buildActionMask = 2147483647;
			files = (
			);
			inputFileListPaths = (
				"${PODS_ROOT}/Target Support Files/Pods-WeChatMomentsTests/Pods-WeChatMomentsTests-frameworks-${CONFIGURATION}-input-files.xcfilelist",
			);
			name = "[CP] Embed Pods Frameworks";
			outputFileListPaths = (
				"${PODS_ROOT}/Target Support Files/Pods-WeChatMomentsTests/Pods-WeChatMomentsTests-frameworks-${CONFIGURATION}-output-files.xcfilelist",
			);
			runOnlyForDeploymentPostprocessing = 0;
			shellPath = /bin/sh;
			shellScript = "\"${PODS_ROOT}/Target Support Files/Pods-WeChatMomentsTests/Pods-WeChatMomentsTests-frameworks.sh\"\n";
			showEnvVarsInLog = 0;
		};
/* End PBXShellScriptBuildPhase section */

/* Begin PBXSourcesBuildPhase section */
		6BB4205825E08F2900FDEFAB /* Sources */ = {
			isa = PBXSourcesBuildPhase;
			buildActionMask = 2147483647;
			files = (
				6BB4206425E08F2900FDEFAB /* MomentViewController.swift in Sources */,
				6BB6D9BA25E299D000E27477 /* String.swift in Sources */,
				6BC9F96E25E12AB10037177C /* Constants.swift in Sources */,
				6BFBA2FF25E24DC700C17D16 /* TweetsDataSource.swift in Sources */,
				6BFBA30925E257BA00C17D16 /* UIColor.swift in Sources */,
				6B7060AE25E10B0800ABD1C7 /* HttpService.swift in Sources */,
				6B70612225E1168F00ABD1C7 /* UserService.swift in Sources */,
				6BFBA30425E2507800C17D16 /* CommentCell.swift in Sources */,
				6BFBA30E25E25A1900C17D16 /* UIImage.swift in Sources */,
				6B70610625E1109F00ABD1C7 /* UrlConstant.swift in Sources */,
				6BB4206025E08F2900FDEFAB /* AppDelegate.swift in Sources */,
				6BC9F96925E127080037177C /* TweetService.swift in Sources */,
				6BB6D9BF25E29A6600E27477 /* FootView.swift in Sources */,
				6BB6D9B025E290F300E27477 /* TweetView.swift in Sources */,
				6BB6D9B525E298B700E27477 /* TweetTableViewDelegate.swift in Sources */,
				6BFBA31425E25ABE00C17D16 /* ImageHelper.swift in Sources */,
			);
			runOnlyForDeploymentPostprocessing = 0;
		};
		6BB4206E25E08F2A00FDEFAB /* Sources */ = {
			isa = PBXSourcesBuildPhase;
			buildActionMask = 2147483647;
			files = (
				6BFBA2EA25E2448D00C17D16 /* TweetServiceTests.swift in Sources */,
				6BFBA29825E2098D00C17D16 /* HttpServiceTests.swift in Sources */,
				6BFBA2D125E237C900C17D16 /* UserServiceTests.swift in Sources */,
				6BB4207725E08F2A00FDEFAB /* WeChatMomentsTests.swift in Sources */,
				6BFBA23E25E1FF0500C17D16 /* TestDataConfig.swift in Sources */,
				6BFBA24A25E1FF7300C17D16 /* HttpServiceMock.swift in Sources */,
			);
			runOnlyForDeploymentPostprocessing = 0;
		};
		6BB4207925E08F2A00FDEFAB /* Sources */ = {
			isa = PBXSourcesBuildPhase;
			buildActionMask = 2147483647;
			files = (
				6BB4208225E08F2A00FDEFAB /* WeChatMomentsUITests.swift in Sources */,
			);
			runOnlyForDeploymentPostprocessing = 0;
		};
/* End PBXSourcesBuildPhase section */

/* Begin PBXTargetDependency section */
		6BB4207425E08F2A00FDEFAB /* PBXTargetDependency */ = {
			isa = PBXTargetDependency;
			target = 6BB4205B25E08F2900FDEFAB /* WeChatMoments */;
			targetProxy = 6BB4207325E08F2A00FDEFAB /* PBXContainerItemProxy */;
		};
		6BB4207F25E08F2A00FDEFAB /* PBXTargetDependency */ = {
			isa = PBXTargetDependency;
			target = 6BB4205B25E08F2900FDEFAB /* WeChatMoments */;
			targetProxy = 6BB4207E25E08F2A00FDEFAB /* PBXContainerItemProxy */;
		};
/* End PBXTargetDependency section */

/* Begin PBXVariantGroup section */
		6BB4206A25E08F2A00FDEFAB /* LaunchScreen.storyboard */ = {
			isa = PBXVariantGroup;
			children = (
				6BB4206B25E08F2A00FDEFAB /* Base */,
			);
			name = LaunchScreen.storyboard;
			sourceTree = "<group>";
		};
/* End PBXVariantGroup section */

/* Begin XCBuildConfiguration section */
		6BB4208425E08F2A00FDEFAB /* Debug */ = {
			isa = XCBuildConfiguration;
			buildSettings = {
				ALWAYS_SEARCH_USER_PATHS = NO;
				CLANG_ANALYZER_NONNULL = YES;
				CLANG_ANALYZER_NUMBER_OBJECT_CONVERSION = YES_AGGRESSIVE;
				CLANG_CXX_LANGUAGE_STANDARD = "gnu++14";
				CLANG_CXX_LIBRARY = "libc++";
				CLANG_ENABLE_MODULES = YES;
				CLANG_ENABLE_OBJC_ARC = YES;
				CLANG_ENABLE_OBJC_WEAK = YES;
				CLANG_WARN_BLOCK_CAPTURE_AUTORELEASING = YES;
				CLANG_WARN_BOOL_CONVERSION = YES;
				CLANG_WARN_COMMA = YES;
				CLANG_WARN_CONSTANT_CONVERSION = YES;
				CLANG_WARN_DEPRECATED_OBJC_IMPLEMENTATIONS = YES;
				CLANG_WARN_DIRECT_OBJC_ISA_USAGE = YES_ERROR;
				CLANG_WARN_DOCUMENTATION_COMMENTS = YES;
				CLANG_WARN_EMPTY_BODY = YES;
				CLANG_WARN_ENUM_CONVERSION = YES;
				CLANG_WARN_INFINITE_RECURSION = YES;
				CLANG_WARN_INT_CONVERSION = YES;
				CLANG_WARN_NON_LITERAL_NULL_CONVERSION = YES;
				CLANG_WARN_OBJC_IMPLICIT_RETAIN_SELF = YES;
				CLANG_WARN_OBJC_LITERAL_CONVERSION = YES;
				CLANG_WARN_OBJC_ROOT_CLASS = YES_ERROR;
				CLANG_WARN_QUOTED_INCLUDE_IN_FRAMEWORK_HEADER = YES;
				CLANG_WARN_RANGE_LOOP_ANALYSIS = YES;
				CLANG_WARN_STRICT_PROTOTYPES = YES;
				CLANG_WARN_SUSPICIOUS_MOVE = YES;
				CLANG_WARN_UNGUARDED_AVAILABILITY = YES_AGGRESSIVE;
				CLANG_WARN_UNREACHABLE_CODE = YES;
				CLANG_WARN__DUPLICATE_METHOD_MATCH = YES;
				COPY_PHASE_STRIP = NO;
				DEBUG_INFORMATION_FORMAT = dwarf;
				ENABLE_STRICT_OBJC_MSGSEND = YES;
				ENABLE_TESTABILITY = YES;
				GCC_C_LANGUAGE_STANDARD = gnu11;
				GCC_DYNAMIC_NO_PIC = NO;
				GCC_NO_COMMON_BLOCKS = YES;
				GCC_OPTIMIZATION_LEVEL = 0;
				GCC_PREPROCESSOR_DEFINITIONS = (
					"DEBUG=1",
					"$(inherited)",
				);
				GCC_WARN_64_TO_32_BIT_CONVERSION = YES;
				GCC_WARN_ABOUT_RETURN_TYPE = YES_ERROR;
				GCC_WARN_UNDECLARED_SELECTOR = YES;
				GCC_WARN_UNINITIALIZED_AUTOS = YES_AGGRESSIVE;
				GCC_WARN_UNUSED_FUNCTION = YES;
				GCC_WARN_UNUSED_VARIABLE = YES;
				IPHONEOS_DEPLOYMENT_TARGET = 10.0;
				MTL_ENABLE_DEBUG_INFO = INCLUDE_SOURCE;
				MTL_FAST_MATH = YES;
				ONLY_ACTIVE_ARCH = YES;
				SDKROOT = iphoneos;
				SWIFT_ACTIVE_COMPILATION_CONDITIONS = DEBUG;
				SWIFT_OPTIMIZATION_LEVEL = "-Onone";
			};
			name = Debug;
		};
		6BB4208525E08F2A00FDEFAB /* Release */ = {
			isa = XCBuildConfiguration;
			buildSettings = {
				ALWAYS_SEARCH_USER_PATHS = NO;
				CLANG_ANALYZER_NONNULL = YES;
				CLANG_ANALYZER_NUMBER_OBJECT_CONVERSION = YES_AGGRESSIVE;
				CLANG_CXX_LANGUAGE_STANDARD = "gnu++14";
				CLANG_CXX_LIBRARY = "libc++";
				CLANG_ENABLE_MODULES = YES;
				CLANG_ENABLE_OBJC_ARC = YES;
				CLANG_ENABLE_OBJC_WEAK = YES;
				CLANG_WARN_BLOCK_CAPTURE_AUTORELEASING = YES;
				CLANG_WARN_BOOL_CONVERSION = YES;
				CLANG_WARN_COMMA = YES;
				CLANG_WARN_CONSTANT_CONVERSION = YES;
				CLANG_WARN_DEPRECATED_OBJC_IMPLEMENTATIONS = YES;
				CLANG_WARN_DIRECT_OBJC_ISA_USAGE = YES_ERROR;
				CLANG_WARN_DOCUMENTATION_COMMENTS = YES;
				CLANG_WARN_EMPTY_BODY = YES;
				CLANG_WARN_ENUM_CONVERSION = YES;
				CLANG_WARN_INFINITE_RECURSION = YES;
				CLANG_WARN_INT_CONVERSION = YES;
				CLANG_WARN_NON_LITERAL_NULL_CONVERSION = YES;
				CLANG_WARN_OBJC_IMPLICIT_RETAIN_SELF = YES;
				CLANG_WARN_OBJC_LITERAL_CONVERSION = YES;
				CLANG_WARN_OBJC_ROOT_CLASS = YES_ERROR;
				CLANG_WARN_QUOTED_INCLUDE_IN_FRAMEWORK_HEADER = YES;
				CLANG_WARN_RANGE_LOOP_ANALYSIS = YES;
				CLANG_WARN_STRICT_PROTOTYPES = YES;
				CLANG_WARN_SUSPICIOUS_MOVE = YES;
				CLANG_WARN_UNGUARDED_AVAILABILITY = YES_AGGRESSIVE;
				CLANG_WARN_UNREACHABLE_CODE = YES;
				CLANG_WARN__DUPLICATE_METHOD_MATCH = YES;
				COPY_PHASE_STRIP = NO;
				DEBUG_INFORMATION_FORMAT = "dwarf-with-dsym";
				ENABLE_NS_ASSERTIONS = NO;
				ENABLE_STRICT_OBJC_MSGSEND = YES;
				GCC_C_LANGUAGE_STANDARD = gnu11;
				GCC_NO_COMMON_BLOCKS = YES;
				GCC_WARN_64_TO_32_BIT_CONVERSION = YES;
				GCC_WARN_ABOUT_RETURN_TYPE = YES_ERROR;
				GCC_WARN_UNDECLARED_SELECTOR = YES;
				GCC_WARN_UNINITIALIZED_AUTOS = YES_AGGRESSIVE;
				GCC_WARN_UNUSED_FUNCTION = YES;
				GCC_WARN_UNUSED_VARIABLE = YES;
				IPHONEOS_DEPLOYMENT_TARGET = 10.0;
				MTL_ENABLE_DEBUG_INFO = NO;
				MTL_FAST_MATH = YES;
				SDKROOT = iphoneos;
				SWIFT_COMPILATION_MODE = wholemodule;
				SWIFT_OPTIMIZATION_LEVEL = "-O";
				VALIDATE_PRODUCT = YES;
			};
			name = Release;
		};
		6BB4208725E08F2A00FDEFAB /* Debug */ = {
			isa = XCBuildConfiguration;
			baseConfigurationReference = 16137A897A5D833F9E89F196 /* Pods-WeChatMoments.debug.xcconfig */;
			buildSettings = {
				ASSETCATALOG_COMPILER_APPICON_NAME = AppIcon;
				ASSETCATALOG_COMPILER_GLOBAL_ACCENT_COLOR_NAME = AccentColor;
				CODE_SIGN_STYLE = Automatic;
				DEVELOPMENT_TEAM = JS5UW5ZZU7;
				INFOPLIST_FILE = WeChatMoments/Info.plist;
				LD_RUNPATH_SEARCH_PATHS = (
					"$(inherited)",
					"@executable_path/Frameworks",
				);
				PRODUCT_BUNDLE_IDENTIFIER = com.gl.wechatmoment;
				PRODUCT_NAME = "$(TARGET_NAME)";
				SWIFT_VERSION = 5.0;
				TARGETED_DEVICE_FAMILY = "1,2";
			};
			name = Debug;
		};
		6BB4208825E08F2A00FDEFAB /* Release */ = {
			isa = XCBuildConfiguration;
			baseConfigurationReference = 5465914D16D0DAB9C3B32AD3 /* Pods-WeChatMoments.release.xcconfig */;
			buildSettings = {
				ASSETCATALOG_COMPILER_APPICON_NAME = AppIcon;
				ASSETCATALOG_COMPILER_GLOBAL_ACCENT_COLOR_NAME = AccentColor;
				CODE_SIGN_IDENTITY = "Apple Development";
				CODE_SIGN_STYLE = Automatic;
				DEVELOPMENT_TEAM = JS5UW5ZZU7;
				INFOPLIST_FILE = WeChatMoments/Info.plist;
				LD_RUNPATH_SEARCH_PATHS = (
					"$(inherited)",
					"@executable_path/Frameworks",
				);
				PRODUCT_BUNDLE_IDENTIFIER = com.gl.wechatmoment;
				PRODUCT_NAME = "$(TARGET_NAME)";
				PROVISIONING_PROFILE_SPECIFIER = "";
				SWIFT_VERSION = 5.0;
				TARGETED_DEVICE_FAMILY = "1,2";
			};
			name = Release;
		};
		6BB4208A25E08F2A00FDEFAB /* Debug */ = {
			isa = XCBuildConfiguration;
			baseConfigurationReference = 7459CFB1C82CDDF106AEB8A4 /* Pods-WeChatMomentsTests.debug.xcconfig */;
			buildSettings = {
				BUNDLE_LOADER = "$(TEST_HOST)";
				CODE_SIGN_STYLE = Automatic;
				DEVELOPMENT_TEAM = JS5UW5ZZU7;
				INFOPLIST_FILE = WeChatMomentsTests/Info.plist;
				IPHONEOS_DEPLOYMENT_TARGET = 14.4;
				LD_RUNPATH_SEARCH_PATHS = (
					"$(inherited)",
					"@executable_path/Frameworks",
					"@loader_path/Frameworks",
				);
				PRODUCT_BUNDLE_IDENTIFIER = LG.WeChatMomentsTests;
				PRODUCT_NAME = "$(TARGET_NAME)";
				SWIFT_VERSION = 5.0;
				TARGETED_DEVICE_FAMILY = "1,2";
				TEST_HOST = "$(BUILT_PRODUCTS_DIR)/WeChatMoments.app/WeChatMoments";
			};
			name = Debug;
		};
		6BB4208B25E08F2A00FDEFAB /* Release */ = {
			isa = XCBuildConfiguration;
			baseConfigurationReference = A9E77C01A45BC9422F532A4C /* Pods-WeChatMomentsTests.release.xcconfig */;
			buildSettings = {
				BUNDLE_LOADER = "$(TEST_HOST)";
				CODE_SIGN_STYLE = Automatic;
				DEVELOPMENT_TEAM = JS5UW5ZZU7;
				INFOPLIST_FILE = WeChatMomentsTests/Info.plist;
				IPHONEOS_DEPLOYMENT_TARGET = 14.4;
				LD_RUNPATH_SEARCH_PATHS = (
					"$(inherited)",
					"@executable_path/Frameworks",
					"@loader_path/Frameworks",
				);
				PRODUCT_BUNDLE_IDENTIFIER = LG.WeChatMomentsTests;
				PRODUCT_NAME = "$(TARGET_NAME)";
				SWIFT_VERSION = 5.0;
				TARGETED_DEVICE_FAMILY = "1,2";
				TEST_HOST = "$(BUILT_PRODUCTS_DIR)/WeChatMoments.app/WeChatMoments";
			};
			name = Release;
		};
		6BB4208D25E08F2A00FDEFAB /* Debug */ = {
			isa = XCBuildConfiguration;
			buildSettings = {
				CODE_SIGN_STYLE = Automatic;
				DEVELOPMENT_TEAM = JS5UW5ZZU7;
				INFOPLIST_FILE = WeChatMomentsUITests/Info.plist;
				LD_RUNPATH_SEARCH_PATHS = (
					"$(inherited)",
					"@executable_path/Frameworks",
					"@loader_path/Frameworks",
				);
				PRODUCT_BUNDLE_IDENTIFIER = LG.WeChatMomentsUITests;
				PRODUCT_NAME = "$(TARGET_NAME)";
				SWIFT_VERSION = 5.0;
				TARGETED_DEVICE_FAMILY = "1,2";
				TEST_TARGET_NAME = WeChatMoments;
			};
			name = Debug;
		};
		6BB4208E25E08F2A00FDEFAB /* Release */ = {
			isa = XCBuildConfiguration;
			buildSettings = {
				CODE_SIGN_STYLE = Automatic;
				DEVELOPMENT_TEAM = JS5UW5ZZU7;
				INFOPLIST_FILE = WeChatMomentsUITests/Info.plist;
				LD_RUNPATH_SEARCH_PATHS = (
					"$(inherited)",
					"@executable_path/Frameworks",
					"@loader_path/Frameworks",
				);
				PRODUCT_BUNDLE_IDENTIFIER = LG.WeChatMomentsUITests;
				PRODUCT_NAME = "$(TARGET_NAME)";
				SWIFT_VERSION = 5.0;
				TARGETED_DEVICE_FAMILY = "1,2";
				TEST_TARGET_NAME = WeChatMoments;
			};
			name = Release;
		};
/* End XCBuildConfiguration section */

/* Begin XCConfigurationList section */
		6BB4205725E08F2900FDEFAB /* Build configuration list for PBXProject "WeChatMoments" */ = {
			isa = XCConfigurationList;
			buildConfigurations = (
				6BB4208425E08F2A00FDEFAB /* Debug */,
				6BB4208525E08F2A00FDEFAB /* Release */,
			);
			defaultConfigurationIsVisible = 0;
			defaultConfigurationName = Release;
		};
		6BB4208625E08F2A00FDEFAB /* Build configuration list for PBXNativeTarget "WeChatMoments" */ = {
			isa = XCConfigurationList;
			buildConfigurations = (
				6BB4208725E08F2A00FDEFAB /* Debug */,
				6BB4208825E08F2A00FDEFAB /* Release */,
			);
			defaultConfigurationIsVisible = 0;
			defaultConfigurationName = Release;
		};
		6BB4208925E08F2A00FDEFAB /* Build configuration list for PBXNativeTarget "WeChatMomentsTests" */ = {
			isa = XCConfigurationList;
			buildConfigurations = (
				6BB4208A25E08F2A00FDEFAB /* Debug */,
				6BB4208B25E08F2A00FDEFAB /* Release */,
			);
			defaultConfigurationIsVisible = 0;
			defaultConfigurationName = Release;
		};
		6BB4208C25E08F2A00FDEFAB /* Build configuration list for PBXNativeTarget "WeChatMomentsUITests" */ = {
			isa = XCConfigurationList;
			buildConfigurations = (
				6BB4208D25E08F2A00FDEFAB /* Debug */,
				6BB4208E25E08F2A00FDEFAB /* Release */,
			);
			defaultConfigurationIsVisible = 0;
			defaultConfigurationName = Release;
		};
/* End XCConfigurationList section */
	};
	rootObject = 6BB4205425E08F2900FDEFAB /* Project object */;
}
